# THIS IS AN AUTOGENERATED FILE. DO NOT EDIT THIS FILE DIRECTLY.
# yarn lockfile v1


bluebird@^3.3.3:
  version "3.5.5"
  resolved "https://registry.yarnpkg.com/bluebird/-/bluebird-3.5.5.tgz#a8d0afd73251effbbd5fe384a77d73003c17a71f"
  integrity sha512-5am6HnnfN+urzt4yfg7IgTbotDjIT/u8AJpEt0sIU9FtXfVeezXAPKswrG+xKUCOYAINpSdgZVDU6QFh+cuH3w==

exif-reader@^1.0.0:
  version "1.0.2"
  resolved "https://registry.yarnpkg.com/exif-reader/-/exif-reader-1.0.2.tgz#02408b97b61028ea4f45e5b893a836f9aa28ac4f"
  integrity sha1-AkCLl7YQKOpPReW4k6g2+aoorE8=

fast-exif@^1.0.1:
  version "1.0.1"
  resolved "https://registry.yarnpkg.com/fast-exif/-/fast-exif-1.0.1.tgz#17d1d04d6493e63d4b6c0b35c6b0bdbf51e396ff"
  integrity sha1-F9HQTWST5j1LbAs1xrC9v1Hjlv8=
  dependencies:
    bluebird "^3.3.3"
    exif-reader "^1.0.0"

picomatch@^2.0.4:
  version "2.0.7"
  resolved "https://registry.yarnpkg.com/picomatch/-/picomatch-2.0.7.tgz#514169d8c7cd0bdbeecc8a2609e34a7163de69f6"
  integrity sha512-oLHIdio3tZ0qH76NybpeneBhYVj0QFTfXEFTc/B3zKQspYfYYkWYgFsmzo+4kvId/bQRcNkVeguI3y+CD22BtA==

readdirp@^3.0.2:
  version "3.0.2"
  resolved "https://registry.yarnpkg.com/readdirp/-/readdirp-3.0.2.tgz#cba63348e9e42fc1bd334b1d2ef895b6a043cbd6"
  integrity sha512-LbyJYv48eywrhOlScq16H/VkCiGKGPC2TpOdZCJ7QXnYEjn3NN/Oblh8QEU3vqfSRBB7OGvh5x45NKiVeNujIQ==
  dependencies:
    picomatch "^2.0.4"
